
Microsoft Visual Studio Solution File, Format Version 12.00
# Visual Studio Version 17
VisualStudioVersion = 17.11.35312.102
MinimumVisualStudioVersion = 10.0.40219.1
Project("{FAE04EC0-301F-11D3-BF4B-00C04F79EFBC}") = "TamagotchiVirtualSystem", "TamagotchiVirtualSystem.csproj", "{FBF7A83D-E931-4781-9EA9-FBCC1BAB43DC}"
EndProject
Global
	GlobalSection(SolutionConfigurationPlatforms) = preSolution
		Debug|Any CPU = Debug|Any CPU
		Release|Any CPU = Release|Any CPU
	EndGlobalSection
	GlobalSection(ProjectConfigurationPlatforms) = postSolution
		{FBF7A83D-E931-4781-9EA9-FBCC1BAB43DC}.Debug|Any CPU.ActiveCfg = Debug|Any CPU
		{FBF7A83D-E931-4781-9EA9-FBCC1BAB43DC}.Debug|Any CPU.Build.0 = Debug|Any CPU
		{FBF7A83D-E931-4781-9EA9-FBCC1BAB43DC}.Release|Any CPU.ActiveCfg = Release|Any CPU
		{FBF7A83D-E931-4781-9EA9-FBCC1BAB43DC}.Release|Any CPU.Build.0 = Release|Any CPU
	EndGlobalSection
	GlobalSection(SolutionProperties) = preSolution
		HideSolutionNode = FALSE
	EndGlobalSection
	GlobalSection(ExtensibilityGlobals) = postSolution
		SolutionGuid = {8E17BDBA-998E-4A5D-91F4-9CA117D32CD1}
	EndGlobalSection
EndGlobal
